
Microsoft Visual Studio Solution File, Format Version 12.00
# Visual Studio 14
VisualStudioVersion = 14.0.25123.0
MinimumVisualStudioVersion = 10.0.40219.1
Project("{888888A0-9F3D-457C-B088-3A5042F75D52}") = "DjangoDemo", "DjangoDemo\DjangoDemo.pyproj", "{F90AAF00-99D0-4430-B007-0F9E9FC2D450}"
EndProject
Global
	GlobalSection(SolutionConfigurationPlatforms) = preSolution
		Debug|Any CPU = Debug|Any CPU
		Release|Any CPU = Release|Any CPU
	EndGlobalSection
	GlobalSection(ProjectConfigurationPlatforms) = postSolution
		{F90AAF00-99D0-4430-B007-0F9E9FC2D450}.Debug|Any CPU.ActiveCfg = Debug|Any CPU
		{F90AAF00-99D0-4430-B007-0F9E9FC2D450}.Debug|Any CPU.Build.0 = Debug|Any CPU
		{F90AAF00-99D0-4430-B007-0F9E9FC2D450}.Release|Any CPU.ActiveCfg = Release|Any CPU
		{F90AAF00-99D0-4430-B007-0F9E9FC2D450}.Release|Any CPU.Build.0 = Release|Any CPU
	EndGlobalSection
	GlobalSection(SolutionProperties) = preSolution
		HideSolutionNode = FALSE
	EndGlobalSection
EndGlobal
